
Microsoft Visual Studio Solution File, Format Version 12.00
# Visual Studio 15
VisualStudioVersion = 15.0.34526.175
MinimumVisualStudioVersion = 10.0.40219.1
Project("{8BC9CEB8-8B4A-11D0-8D11-00A0C91BC942}") = "CursVSTest", "CursVSTest\CursVSTest.vcxproj", "{626D86DA-04CF-43E5-AA7E-A1CF6D929281}"
EndProject
Global
	GlobalSection(SolutionConfigurationPlatforms) = preSolution
		Debug|x64 = Debug|x64
		Debug|x86 = Debug|x86
		Release|x64 = Release|x64
		Release|x86 = Release|x86
	EndGlobalSection
	GlobalSection(ProjectConfigurationPlatforms) = postSolution
		{626D86DA-04CF-43E5-AA7E-A1CF6D929281}.Debug|x64.ActiveCfg = Debug|x64
		{626D86DA-04CF-43E5-AA7E-A1CF6D929281}.Debug|x64.Build.0 = Debug|x64
		{626D86DA-04CF-43E5-AA7E-A1CF6D929281}.Debug|x86.ActiveCfg = Debug|Win32
		{626D86DA-04CF-43E5-AA7E-A1CF6D929281}.Debug|x86.Build.0 = Debug|Win32
		{626D86DA-04CF-43E5-AA7E-A1CF6D929281}.Release|x64.ActiveCfg = Release|x64
		{626D86DA-04CF-43E5-AA7E-A1CF6D929281}.Release|x64.Build.0 = Release|x64
		{626D86DA-04CF-43E5-AA7E-A1CF6D929281}.Release|x86.ActiveCfg = Release|Win32
		{626D86DA-04CF-43E5-AA7E-A1CF6D929281}.Release|x86.Build.0 = Release|Win32
	EndGlobalSection
	GlobalSection(SolutionProperties) = preSolution
		HideSolutionNode = FALSE
	EndGlobalSection
	GlobalSection(ExtensibilityGlobals) = postSolution
		SolutionGuid = {651E4AA9-1D91-45A8-9F2A-34D7F1F69DC7}
	EndGlobalSection
EndGlobal
